// !$*UTF8*$!
{
	archiveVersion = 1;
	classes = {
	};
	objectVersion = 51;
	objects = {

/* Begin PBXBuildFile section */
		0527B7FD25FF1EF8001525D5 /* AppDelegate.swift in Sources */ = {isa = PBXBuildFile; fileRef = 0527B7FC25FF1EF8001525D5 /* AppDelegate.swift */; };
		0527B7FF25FF1EF8001525D5 /* SceneDelegate.swift in Sources */ = {isa = PBXBuildFile; fileRef = 0527B7FE25FF1EF8001525D5 /* SceneDelegate.swift */; };
		0527B80125FF1EF8001525D5 /* HomeViewController.swift in Sources */ = {isa = PBXBuildFile; fileRef = 0527B80025FF1EF8001525D5 /* HomeViewController.swift */; };
		0527B80625FF1EFA001525D5 /* Assets.xcassets in Resources */ = {isa = PBXBuildFile; fileRef = 0527B80525FF1EFA001525D5 /* Assets.xcassets */; };
		0527B80925FF1EFA001525D5 /* LaunchScreen.storyboard in Resources */ = {isa = PBXBuildFile; fileRef = 0527B80725FF1EFA001525D5 /* LaunchScreen.storyboard */; };
		0527B81425FF1EFA001525D5 /* MNMTests.swift in Sources */ = {isa = PBXBuildFile; fileRef = 0527B81325FF1EFA001525D5 /* MNMTests.swift */; };
		0527B81F25FF1EFA001525D5 /* MNMUITests.swift in Sources */ = {isa = PBXBuildFile; fileRef = 0527B81E25FF1EFA001525D5 /* MNMUITests.swift */; };
		05D640392608E54F00E707EF /* ExploreViewController.swift in Sources */ = {isa = PBXBuildFile; fileRef = 05D640382608E54F00E707EF /* ExploreViewController.swift */; };
		05D640412608E56800E707EF /* CameraViewController.swift in Sources */ = {isa = PBXBuildFile; fileRef = 05D640402608E56800E707EF /* CameraViewController.swift */; };
		05D640462608E58700E707EF /* NotificationsViewController.swift in Sources */ = {isa = PBXBuildFile; fileRef = 05D640452608E58700E707EF /* NotificationsViewController.swift */; };
		05D6404B2608E59600E707EF /* ProfileViewController.swift in Sources */ = {isa = PBXBuildFile; fileRef = 05D6404A2608E59600E707EF /* ProfileViewController.swift */; };
		05D640502608E5AF00E707EF /* UserListViewController.swift in Sources */ = {isa = PBXBuildFile; fileRef = 05D6404F2608E5AF00E707EF /* UserListViewController.swift */; };
		05D640552608E5C200E707EF /* SignInViewController.swift in Sources */ = {isa = PBXBuildFile; fileRef = 05D640542608E5C200E707EF /* SignInViewController.swift */; };
		05D6405A2608E5D000E707EF /* SignUpViewController.swift in Sources */ = {isa = PBXBuildFile; fileRef = 05D640592608E5D000E707EF /* SignUpViewController.swift */; };
		05D6405F2608E5EE00E707EF /* SettingsViewController.swift in Sources */ = {isa = PBXBuildFile; fileRef = 05D6405E2608E5EE00E707EF /* SettingsViewController.swift */; };
		05D640642608E62700E707EF /* TabBarViewController.swift in Sources */ = {isa = PBXBuildFile; fileRef = 05D640632608E62700E707EF /* TabBarViewController.swift */; };
		05D6406B2608E69600E707EF /* PostViewController.swift in Sources */ = {isa = PBXBuildFile; fileRef = 05D6406A2608E69600E707EF /* PostViewController.swift */; };
		05D640732608E76A00E707EF /* APICaller.swift in Sources */ = {isa = PBXBuildFile; fileRef = 05D640722608E76A00E707EF /* APICaller.swift */; };
		05D640782608E78300E707EF /* StorageManager.swift in Sources */ = {isa = PBXBuildFile; fileRef = 05D640772608E78300E707EF /* StorageManager.swift */; };
		05D6407D2608E79500E707EF /* DatabaseManager.swift in Sources */ = {isa = PBXBuildFile; fileRef = 05D6407C2608E79500E707EF /* DatabaseManager.swift */; };
		05D640822608E7A500E707EF /* AuthenticationManager.swift in Sources */ = {isa = PBXBuildFile; fileRef = 05D640812608E7A500E707EF /* AuthenticationManager.swift */; };
		05D640872608E7BA00E707EF /* HapticsManager.swift in Sources */ = {isa = PBXBuildFile; fileRef = 05D640862608E7BA00E707EF /* HapticsManager.swift */; };
		05D640A82608F60F00E707EF /* GoogleService-Info.plist in Resources */ = {isa = PBXBuildFile; fileRef = 05D640A72608F60F00E707EF /* GoogleService-Info.plist */; };
		3F8BADD8E61079A6F9C170F7 /* Pods_MNMTests.framework in Frameworks */ = {isa = PBXBuildFile; fileRef = 6BCCDFAA75389AD6FB55AE7F /* Pods_MNMTests.framework */; };
		6CD42D98C327BB65A02591CB /* Pods_MNM.framework in Frameworks */ = {isa = PBXBuildFile; fileRef = 57707540327C96E112307B59 /* Pods_MNM.framework */; };
		89E85120C5F00B6ED112912F /* Pods_MNM_MNMUITests.framework in Frameworks */ = {isa = PBXBuildFile; fileRef = CEFA70D0B9AE1141410667B4 /* Pods_MNM_MNMUITests.framework */; };
/* End PBXBuildFile section */

/* Begin PBXContainerItemProxy section */
		0527B81025FF1EFA001525D5 /* PBXContainerItemProxy */ = {
			isa = PBXContainerItemProxy;
			containerPortal = 0527B7F125FF1EF8001525D5 /* Project object */;
			proxyType = 1;
			remoteGlobalIDString = 0527B7F825FF1EF8001525D5;
			remoteInfo = MNM;
		};
		0527B81B25FF1EFA001525D5 /* PBXContainerItemProxy */ = {
			isa = PBXContainerItemProxy;
			containerPortal = 0527B7F125FF1EF8001525D5 /* Project object */;
			proxyType = 1;
			remoteGlobalIDString = 0527B7F825FF1EF8001525D5;
			remoteInfo = MNM;
		};
/* End PBXContainerItemProxy section */

/* Begin PBXFileReference section */
		0527B7F925FF1EF8001525D5 /* MNM.app */ = {isa = PBXFileReference; explicitFileType = wrapper.application; includeInIndex = 0; path = MNM.app; sourceTree = BUILT_PRODUCTS_DIR; };
		0527B7FC25FF1EF8001525D5 /* AppDelegate.swift */ = {isa = PBXFileReference; lastKnownFileType = sourcecode.swift; path = AppDelegate.swift; sourceTree = "<group>"; };
		0527B7FE25FF1EF8001525D5 /* SceneDelegate.swift */ = {isa = PBXFileReference; lastKnownFileType = sourcecode.swift; path = SceneDelegate.swift; sourceTree = "<group>"; };
		0527B80025FF1EF8001525D5 /* HomeViewController.swift */ = {isa = PBXFileReference; lastKnownFileType = sourcecode.swift; path = HomeViewController.swift; sourceTree = "<group>"; };
		0527B80525FF1EFA001525D5 /* Assets.xcassets */ = {isa = PBXFileReference; lastKnownFileType = folder.assetcatalog; path = Assets.xcassets; sourceTree = "<group>"; };
		0527B80825FF1EFA001525D5 /* Base */ = {isa = PBXFileReference; lastKnownFileType = file.storyboard; name = Base; path = Base.lproj/LaunchScreen.storyboard; sourceTree = "<group>"; };
		0527B80A25FF1EFA001525D5 /* Info.plist */ = {isa = PBXFileReference; lastKnownFileType = text.plist.xml; path = Info.plist; sourceTree = "<group>"; };
		0527B80F25FF1EFA001525D5 /* MNMTests.xctest */ = {isa = PBXFileReference; explicitFileType = wrapper.cfbundle; includeInIndex = 0; path = MNMTests.xctest; sourceTree = BUILT_PRODUCTS_DIR; };
		0527B81325FF1EFA001525D5 /* MNMTests.swift */ = {isa = PBXFileReference; lastKnownFileType = sourcecode.swift; path = MNMTests.swift; sourceTree = "<group>"; };
		0527B81525FF1EFA001525D5 /* Info.plist */ = {isa = PBXFileReference; lastKnownFileType = text.plist.xml; path = Info.plist; sourceTree = "<group>"; };
		0527B81A25FF1EFA001525D5 /* MNMUITests.xctest */ = {isa = PBXFileReference; explicitFileType = wrapper.cfbundle; includeInIndex = 0; path = MNMUITests.xctest; sourceTree = BUILT_PRODUCTS_DIR; };
		0527B81E25FF1EFA001525D5 /* MNMUITests.swift */ = {isa = PBXFileReference; lastKnownFileType = sourcecode.swift; path = MNMUITests.swift; sourceTree = "<group>"; };
		0527B82025FF1EFA001525D5 /* Info.plist */ = {isa = PBXFileReference; lastKnownFileType = text.plist.xml; path = Info.plist; sourceTree = "<group>"; };
		05D640382608E54F00E707EF /* ExploreViewController.swift */ = {isa = PBXFileReference; lastKnownFileType = sourcecode.swift; path = ExploreViewController.swift; sourceTree = "<group>"; };
		05D640402608E56800E707EF /* CameraViewController.swift */ = {isa = PBXFileReference; lastKnownFileType = sourcecode.swift; path = CameraViewController.swift; sourceTree = "<group>"; };
		05D640452608E58700E707EF /* NotificationsViewController.swift */ = {isa = PBXFileReference; lastKnownFileType = sourcecode.swift; path = NotificationsViewController.swift; sourceTree = "<group>"; };
		05D6404A2608E59600E707EF /* ProfileViewController.swift */ = {isa = PBXFileReference; lastKnownFileType = sourcecode.swift; path = ProfileViewController.swift; sourceTree = "<group>"; };
		05D6404F2608E5AF00E707EF /* UserListViewController.swift */ = {isa = PBXFileReference; lastKnownFileType = sourcecode.swift; path = UserListViewController.swift; sourceTree = "<group>"; };
		05D640542608E5C200E707EF /* SignInViewController.swift */ = {isa = PBXFileReference; lastKnownFileType = sourcecode.swift; path = SignInViewController.swift; sourceTree = "<group>"; };
		05D640592608E5D000E707EF /* SignUpViewController.swift */ = {isa = PBXFileReference; lastKnownFileType = sourcecode.swift; path = SignUpViewController.swift; sourceTree = "<group>"; };
		05D6405E2608E5EE00E707EF /* SettingsViewController.swift */ = {isa = PBXFileReference; lastKnownFileType = sourcecode.swift; path = SettingsViewController.swift; sourceTree = "<group>"; };
		05D640632608E62700E707EF /* TabBarViewController.swift */ = {isa = PBXFileReference; lastKnownFileType = sourcecode.swift; path = TabBarViewController.swift; sourceTree = "<group>"; };
		05D6406A2608E69600E707EF /* PostViewController.swift */ = {isa = PBXFileReference; lastKnownFileType = sourcecode.swift; path = PostViewController.swift; sourceTree = "<group>"; };
		05D640722608E76A00E707EF /* APICaller.swift */ = {isa = PBXFileReference; lastKnownFileType = sourcecode.swift; path = APICaller.swift; sourceTree = "<group>"; };
		05D640772608E78300E707EF /* StorageManager.swift */ = {isa = PBXFileReference; lastKnownFileType = sourcecode.swift; path = StorageManager.swift; sourceTree = "<group>"; };
		05D6407C2608E79500E707EF /* DatabaseManager.swift */ = {isa = PBXFileReference; lastKnownFileType = sourcecode.swift; path = DatabaseManager.swift; sourceTree = "<group>"; };
		05D640812608E7A500E707EF /* AuthenticationManager.swift */ = {isa = PBXFileReference; lastKnownFileType = sourcecode.swift; path = AuthenticationManager.swift; sourceTree = "<group>"; };
		05D640862608E7BA00E707EF /* HapticsManager.swift */ = {isa = PBXFileReference; lastKnownFileType = sourcecode.swift; path = HapticsManager.swift; sourceTree = "<group>"; };
		05D640A72608F60F00E707EF /* GoogleService-Info.plist */ = {isa = PBXFileReference; fileEncoding = 4; lastKnownFileType = text.plist.xml; name = "GoogleService-Info.plist"; path = "../../../GoogleService-Info.plist"; sourceTree = "<group>"; };
		162A06998E1AE8C5688E7E31 /* Pods-MNM-MNMUITests.release.xcconfig */ = {isa = PBXFileReference; includeInIndex = 1; lastKnownFileType = text.xcconfig; name = "Pods-MNM-MNMUITests.release.xcconfig"; path = "Target Support Files/Pods-MNM-MNMUITests/Pods-MNM-MNMUITests.release.xcconfig"; sourceTree = "<group>"; };
		57707540327C96E112307B59 /* Pods_MNM.framework */ = {isa = PBXFileReference; explicitFileType = wrapper.framework; includeInIndex = 0; path = Pods_MNM.framework; sourceTree = BUILT_PRODUCTS_DIR; };
		6BCCDFAA75389AD6FB55AE7F /* Pods_MNMTests.framework */ = {isa = PBXFileReference; explicitFileType = wrapper.framework; includeInIndex = 0; path = Pods_MNMTests.framework; sourceTree = BUILT_PRODUCTS_DIR; };
		99213A1D5AE19359606B4328 /* Pods-MNMTests.debug.xcconfig */ = {isa = PBXFileReference; includeInIndex = 1; lastKnownFileType = text.xcconfig; name = "Pods-MNMTests.debug.xcconfig"; path = "Target Support Files/Pods-MNMTests/Pods-MNMTests.debug.xcconfig"; sourceTree = "<group>"; };
		BDE8787CB2816DC5FE90A06C /* Pods-MNM.debug.xcconfig */ = {isa = PBXFileReference; includeInIndex = 1; lastKnownFileType = text.xcconfig; name = "Pods-MNM.debug.xcconfig"; path = "Target Support Files/Pods-MNM/Pods-MNM.debug.xcconfig"; sourceTree = "<group>"; };
		C626853EB695694961F66477 /* Pods-MNMTests.release.xcconfig */ = {isa = PBXFileReference; includeInIndex = 1; lastKnownFileType = text.xcconfig; name = "Pods-MNMTests.release.xcconfig"; path = "Target Support Files/Pods-MNMTests/Pods-MNMTests.release.xcconfig"; sourceTree = "<group>"; };
		CEFA70D0B9AE1141410667B4 /* Pods_MNM_MNMUITests.framework */ = {isa = PBXFileReference; explicitFileType = wrapper.framework; includeInIndex = 0; path = Pods_MNM_MNMUITests.framework; sourceTree = BUILT_PRODUCTS_DIR; };
		D26CA7C9CFF164E769836BE5 /* Pods-MNM-MNMUITests.debug.xcconfig */ = {isa = PBXFileReference; includeInIndex = 1; lastKnownFileType = text.xcconfig; name = "Pods-MNM-MNMUITests.debug.xcconfig"; path = "Target Support Files/Pods-MNM-MNMUITests/Pods-MNM-MNMUITests.debug.xcconfig"; sourceTree = "<group>"; };
		E8D9678B04DA39A93BD72A97 /* Pods-MNM.release.xcconfig */ = {isa = PBXFileReference; includeInIndex = 1; lastKnownFileType = text.xcconfig; name = "Pods-MNM.release.xcconfig"; path = "Target Support Files/Pods-MNM/Pods-MNM.release.xcconfig"; sourceTree = "<group>"; };
/* End PBXFileReference section */

/* Begin PBXFrameworksBuildPhase section */
		0527B7F625FF1EF8001525D5 /* Frameworks */ = {
			isa = PBXFrameworksBuildPhase;
			buildActionMask = 2147483647;
			files = (
				6CD42D98C327BB65A02591CB /* Pods_MNM.framework in Frameworks */,
			);
			runOnlyForDeploymentPostprocessing = 0;
		};
		0527B80C25FF1EFA001525D5 /* Frameworks */ = {
			isa = PBXFrameworksBuildPhase;
			buildActionMask = 2147483647;
			files = (
				3F8BADD8E61079A6F9C170F7 /* Pods_MNMTests.framework in Frameworks */,
			);
			runOnlyForDeploymentPostprocessing = 0;
		};
		0527B81725FF1EFA001525D5 /* Frameworks */ = {
			isa = PBXFrameworksBuildPhase;
			buildActionMask = 2147483647;
			files = (
				89E85120C5F00B6ED112912F /* Pods_MNM_MNMUITests.framework in Frameworks */,
			);
			runOnlyForDeploymentPostprocessing = 0;
		};
/* End PBXFrameworksBuildPhase section */

/* Begin PBXGroup section */
		0527B7F025FF1EF8001525D5 = {
			isa = PBXGroup;
			children = (
				0527B7FB25FF1EF8001525D5 /* MNM */,
				0527B81225FF1EFA001525D5 /* MNMTests */,
				0527B81D25FF1EFA001525D5 /* MNMUITests */,
				0527B7FA25FF1EF8001525D5 /* Products */,
				3A4D3722241E402969FB3683 /* Pods */,
				2F9DC87FC63E39B70334BB2C /* Frameworks */,
			);
			sourceTree = "<group>";
		};
		0527B7FA25FF1EF8001525D5 /* Products */ = {
			isa = PBXGroup;
			children = (
				0527B7F925FF1EF8001525D5 /* MNM.app */,
				0527B80F25FF1EFA001525D5 /* MNMTests.xctest */,
				0527B81A25FF1EFA001525D5 /* MNMUITests.xctest */,
			);
			name = Products;
			sourceTree = "<group>";
		};
		0527B7FB25FF1EF8001525D5 /* MNM */ = {
			isa = PBXGroup;
			children = (
				05D640322608E3F000E707EF /* Managers */,
				05D640312608E3E600E707EF /* ViewModels */,
				05D640302608E3DD00E707EF /* Models */,
				05D6402F2608E3AE00E707EF /* Views */,
				05D6402E2608E38500E707EF /* Controllers */,
				05D6402D2608E35A00E707EF /* Resources */,
				0527B80A25FF1EFA001525D5 /* Info.plist */,
			);
			path = MNM;
			sourceTree = "<group>";
		};
		0527B81225FF1EFA001525D5 /* MNMTests */ = {
			isa = PBXGroup;
			children = (
				0527B81325FF1EFA001525D5 /* MNMTests.swift */,
				0527B81525FF1EFA001525D5 /* Info.plist */,
			);
			path = MNMTests;
			sourceTree = "<group>";
		};
		0527B81D25FF1EFA001525D5 /* MNMUITests */ = {
			isa = PBXGroup;
			children = (
				0527B81E25FF1EFA001525D5 /* MNMUITests.swift */,
				0527B82025FF1EFA001525D5 /* Info.plist */,
			);
			path = MNMUITests;
			sourceTree = "<group>";
		};
		05D6402D2608E35A00E707EF /* Resources */ = {
			isa = PBXGroup;
			children = (
				05D640A72608F60F00E707EF /* GoogleService-Info.plist */,
				0527B80525FF1EFA001525D5 /* Assets.xcassets */,
				0527B7FC25FF1EF8001525D5 /* AppDelegate.swift */,
				0527B7FE25FF1EF8001525D5 /* SceneDelegate.swift */,
			);
			path = Resources;
			sourceTree = "<group>";
		};
		05D6402E2608E38500E707EF /* Controllers */ = {
			isa = PBXGroup;
			children = (
				05D640372608E50E00E707EF /* Other */,
				05D640362608E4F200E707EF /* Core */,
			);
			path = Controllers;
			sourceTree = "<group>";
		};
		05D6402F2608E3AE00E707EF /* Views */ = {
			isa = PBXGroup;
			children = (
				05D640692608E65B00E707EF /* Other */,
				05D640682608E63800E707EF /* Storyboards */,
			);
			path = Views;
			sourceTree = "<group>";
		};
		05D640302608E3DD00E707EF /* Models */ = {
			isa = PBXGroup;
			children = (
			);
			path = Models;
			sourceTree = "<group>";
		};
		05D640312608E3E600E707EF /* ViewModels */ = {
			isa = PBXGroup;
			children = (
			);
			path = ViewModels;
			sourceTree = "<group>";
		};
		05D640322608E3F000E707EF /* Managers */ = {
			isa = PBXGroup;
			children = (
				05D640722608E76A00E707EF /* APICaller.swift */,
				05D640772608E78300E707EF /* StorageManager.swift */,
				05D6407C2608E79500E707EF /* DatabaseManager.swift */,
				05D640812608E7A500E707EF /* AuthenticationManager.swift */,
				05D640862608E7BA00E707EF /* HapticsManager.swift */,
			);
			path = Managers;
			sourceTree = "<group>";
		};
		05D640362608E4F200E707EF /* Core */ = {
			isa = PBXGroup;
			children = (
				0527B80025FF1EF8001525D5 /* HomeViewController.swift */,
				05D640382608E54F00E707EF /* ExploreViewController.swift */,
				05D640402608E56800E707EF /* CameraViewController.swift */,
				05D640452608E58700E707EF /* NotificationsViewController.swift */,
				05D6404A2608E59600E707EF /* ProfileViewController.swift */,
				05D640632608E62700E707EF /* TabBarViewController.swift */,
			);
			path = Core;
			sourceTree = "<group>";
		};
		05D640372608E50E00E707EF /* Other */ = {
			isa = PBXGroup;
			children = (
				05D6404F2608E5AF00E707EF /* UserListViewController.swift */,
				05D640542608E5C200E707EF /* SignInViewController.swift */,
				05D640592608E5D000E707EF /* SignUpViewController.swift */,
				05D6405E2608E5EE00E707EF /* SettingsViewController.swift */,
				05D6406A2608E69600E707EF /* PostViewController.swift */,
			);
			path = Other;
			sourceTree = "<group>";
		};
		05D640682608E63800E707EF /* Storyboards */ = {
			isa = PBXGroup;
			children = (
				0527B80725FF1EFA001525D5 /* LaunchScreen.storyboard */,
			);
			path = Storyboards;
			sourceTree = "<group>";
		};
		05D640692608E65B00E707EF /* Other */ = {
			isa = PBXGroup;
			children = (
			);
			path = Other;
			sourceTree = "<group>";
		};
		2F9DC87FC63E39B70334BB2C /* Frameworks */ = {
			isa = PBXGroup;
			children = (
				57707540327C96E112307B59 /* Pods_MNM.framework */,
				CEFA70D0B9AE1141410667B4 /* Pods_MNM_MNMUITests.framework */,
				6BCCDFAA75389AD6FB55AE7F /* Pods_MNMTests.framework */,
			);
			name = Frameworks;
			sourceTree = "<group>";
		};
		3A4D3722241E402969FB3683 /* Pods */ = {
			isa = PBXGroup;
			children = (
				BDE8787CB2816DC5FE90A06C /* Pods-MNM.debug.xcconfig */,
				E8D9678B04DA39A93BD72A97 /* Pods-MNM.release.xcconfig */,
				D26CA7C9CFF164E769836BE5 /* Pods-MNM-MNMUITests.debug.xcconfig */,
				162A06998E1AE8C5688E7E31 /* Pods-MNM-MNMUITests.release.xcconfig */,
				99213A1D5AE19359606B4328 /* Pods-MNMTests.debug.xcconfig */,
				C626853EB695694961F66477 /* Pods-MNMTests.release.xcconfig */,
			);
			path = Pods;
			sourceTree = "<group>";
		};
/* End PBXGroup section */

/* Begin PBXNativeTarget section */
		0527B7F825FF1EF8001525D5 /* MNM */ = {
			isa = PBXNativeTarget;
			buildConfigurationList = 0527B82325FF1EFA001525D5 /* Build configuration list for PBXNativeTarget "MNM" */;
			buildPhases = (
				A184C9667958F50129293DC6 /* [CP] Check Pods Manifest.lock */,
				0527B7F525FF1EF8001525D5 /* Sources */,
				0527B7F625FF1EF8001525D5 /* Frameworks */,
				0527B7F725FF1EF8001525D5 /* Resources */,
				8B6715AD0E3B4F20A7FE7551 /* [CP] Embed Pods Frameworks */,
			);
			buildRules = (
			);
			dependencies = (
			);
			name = MNM;
			productName = MNM;
			productReference = 0527B7F925FF1EF8001525D5 /* MNM.app */;
			productType = "com.apple.product-type.application";
		};
		0527B80E25FF1EFA001525D5 /* MNMTests */ = {
			isa = PBXNativeTarget;
			buildConfigurationList = 0527B82625FF1EFA001525D5 /* Build configuration list for PBXNativeTarget "MNMTests" */;
			buildPhases = (
				42358680DCEEB3E8720D9CBC /* [CP] Check Pods Manifest.lock */,
				0527B80B25FF1EFA001525D5 /* Sources */,
				0527B80C25FF1EFA001525D5 /* Frameworks */,
				0527B80D25FF1EFA001525D5 /* Resources */,
			);
			buildRules = (
			);
			dependencies = (
				0527B81125FF1EFA001525D5 /* PBXTargetDependency */,
			);
			name = MNMTests;
			productName = MNMTests;
			productReference = 0527B80F25FF1EFA001525D5 /* MNMTests.xctest */;
			productType = "com.apple.product-type.bundle.unit-test";
		};
		0527B81925FF1EFA001525D5 /* MNMUITests */ = {
			isa = PBXNativeTarget;
			buildConfigurationList = 0527B82925FF1EFA001525D5 /* Build configuration list for PBXNativeTarget "MNMUITests" */;
			buildPhases = (
				4FD272DB3C114634060DB69A /* [CP] Check Pods Manifest.lock */,
				0527B81625FF1EFA001525D5 /* Sources */,
				0527B81725FF1EFA001525D5 /* Frameworks */,
				0527B81825FF1EFA001525D5 /* Resources */,
				7C2712E59BB9BCFEE6C928B2 /* [CP] Embed Pods Frameworks */,
			);
			buildRules = (
			);
			dependencies = (
				0527B81C25FF1EFA001525D5 /* PBXTargetDependency */,
			);
			name = MNMUITests;
			productName = MNMUITests;
			productReference = 0527B81A25FF1EFA001525D5 /* MNMUITests.xctest */;
			productType = "com.apple.product-type.bundle.ui-testing";
		};
/* End PBXNativeTarget section */

/* Begin PBXProject section */
		0527B7F125FF1EF8001525D5 /* Project object */ = {
			isa = PBXProject;
			attributes = {
				LastSwiftUpdateCheck = 1240;
				LastUpgradeCheck = 1240;
				TargetAttributes = {
					0527B7F825FF1EF8001525D5 = {
						CreatedOnToolsVersion = 12.4;
					};
					0527B80E25FF1EFA001525D5 = {
						CreatedOnToolsVersion = 12.4;
						TestTargetID = 0527B7F825FF1EF8001525D5;
					};
					0527B81925FF1EFA001525D5 = {
						CreatedOnToolsVersion = 12.4;
						TestTargetID = 0527B7F825FF1EF8001525D5;
					};
				};
			};
			buildConfigurationList = 0527B7F425FF1EF8001525D5 /* Build configuration list for PBXProject "MNM" */;
			compatibilityVersion = "Xcode 9.3";
			developmentRegion = en;
			hasScannedForEncodings = 0;
			knownRegions = (
				en,
				Base,
			);
			mainGroup = 0527B7F025FF1EF8001525D5;
			productRefGroup = 0527B7FA25FF1EF8001525D5 /* Products */;
			projectDirPath = "";
			projectRoot = "";
			targets = (
				0527B7F825FF1EF8001525D5 /* MNM */,
				0527B80E25FF1EFA001525D5 /* MNMTests */,
				0527B81925FF1EFA001525D5 /* MNMUITests */,
			);
		};
/* End PBXProject section */

/* Begin PBXResourcesBuildPhase section */
		0527B7F725FF1EF8001525D5 /* Resources */ = {
			isa = PBXResourcesBuildPhase;
			buildActionMask = 2147483647;
			files = (
				0527B80925FF1EFA001525D5 /* LaunchScreen.storyboard in Resources */,
				0527B80625FF1EFA001525D5 /* Assets.xcassets in Resources */,
				05D640A82608F60F00E707EF /* GoogleService-Info.plist in Resources */,
			);
			runOnlyForDeploymentPostprocessing = 0;
		};
		0527B80D25FF1EFA001525D5 /* Resources */ = {
			isa = PBXResourcesBuildPhase;
			buildActionMask = 2147483647;
			files = (
			);
			runOnlyForDeploymentPostprocessing = 0;
		};
		0527B81825FF1EFA001525D5 /* Resources */ = {
			isa = PBXResourcesBuildPhase;
			buildActionMask = 2147483647;
			files = (
			);
			runOnlyForDeploymentPostprocessing = 0;
		};
/* End PBXResourcesBuildPhase section */

/* Begin PBXShellScriptBuildPhase section */
		42358680DCEEB3E8720D9CBC /* [CP] Check Pods Manifest.lock */ = {
			isa = PBXShellScriptBuildPhase;
			buildActionMask = 2147483647;
			files = (
			);
			inputFileListPaths = (
			);
			inputPaths = (
				"${PODS_PODFILE_DIR_PATH}/Podfile.lock",
				"${PODS_ROOT}/Manifest.lock",
			);
			name = "[CP] Check Pods Manifest.lock";
			outputFileListPaths = (
			);
			outputPaths = (
				"$(DERIVED_FILE_DIR)/Pods-MNMTests-checkManifestLockResult.txt",
			);
			runOnlyForDeploymentPostprocessing = 0;
			shellPath = /bin/sh;
			shellScript = "diff \"${PODS_PODFILE_DIR_PATH}/Podfile.lock\" \"${PODS_ROOT}/Manifest.lock\" > /dev/null\nif [ $? != 0 ] ; then\n    # print error to STDERR\n    echo \"error: The sandbox is not in sync with the Podfile.lock. Run 'pod install' or update your CocoaPods installation.\" >&2\n    exit 1\nfi\n# This output is used by Xcode 'outputs' to avoid re-running this script phase.\necho \"SUCCESS\" > \"${SCRIPT_OUTPUT_FILE_0}\"\n";
			showEnvVarsInLog = 0;
		};
		4FD272DB3C114634060DB69A /* [CP] Check Pods Manifest.lock */ = {
			isa = PBXShellScriptBuildPhase;
			buildActionMask = 2147483647;
			files = (
			);
			inputFileListPaths = (
			);
			inputPaths = (
				"${PODS_PODFILE_DIR_PATH}/Podfile.lock",
				"${PODS_ROOT}/Manifest.lock",
			);
			name = "[CP] Check Pods Manifest.lock";
			outputFileListPaths = (
			);
			outputPaths = (
				"$(DERIVED_FILE_DIR)/Pods-MNM-MNMUITests-checkManifestLockResult.txt",
			);
			runOnlyForDeploymentPostprocessing = 0;
			shellPath = /bin/sh;
			shellScript = "diff \"${PODS_PODFILE_DIR_PATH}/Podfile.lock\" \"${PODS_ROOT}/Manifest.lock\" > /dev/null\nif [ $? != 0 ] ; then\n    # print error to STDERR\n    echo \"error: The sandbox is not in sync with the Podfile.lock. Run 'pod install' or update your CocoaPods installation.\" >&2\n    exit 1\nfi\n# This output is used by Xcode 'outputs' to avoid re-running this script phase.\necho \"SUCCESS\" > \"${SCRIPT_OUTPUT_FILE_0}\"\n";
			showEnvVarsInLog = 0;
		};
		7C2712E59BB9BCFEE6C928B2 /* [CP] Embed Pods Frameworks */ = {
			isa = PBXShellScriptBuildPhase;
			buildActionMask = 2147483647;
			files = (
			);
			inputFileListPaths = (
				"${PODS_ROOT}/Target Support Files/Pods-MNM-MNMUITests/Pods-MNM-MNMUITests-frameworks-${CONFIGURATION}-input-files.xcfilelist",
			);
			name = "[CP] Embed Pods Frameworks";
			outputFileListPaths = (
				"${PODS_ROOT}/Target Support Files/Pods-MNM-MNMUITests/Pods-MNM-MNMUITests-frameworks-${CONFIGURATION}-output-files.xcfilelist",
			);
			runOnlyForDeploymentPostprocessing = 0;
			shellPath = /bin/sh;
			shellScript = "\"${PODS_ROOT}/Target Support Files/Pods-MNM-MNMUITests/Pods-MNM-MNMUITests-frameworks.sh\"\n";
			showEnvVarsInLog = 0;
		};
		8B6715AD0E3B4F20A7FE7551 /* [CP] Embed Pods Frameworks */ = {
			isa = PBXShellScriptBuildPhase;
			buildActionMask = 2147483647;
			files = (
			);
			inputFileListPaths = (
				"${PODS_ROOT}/Target Support Files/Pods-MNM/Pods-MNM-frameworks-${CONFIGURATION}-input-files.xcfilelist",
			);
			name = "[CP] Embed Pods Frameworks";
			outputFileListPaths = (
				"${PODS_ROOT}/Target Support Files/Pods-MNM/Pods-MNM-frameworks-${CONFIGURATION}-output-files.xcfilelist",
			);
			runOnlyForDeploymentPostprocessing = 0;
			shellPath = /bin/sh;
			shellScript = "\"${PODS_ROOT}/Target Support Files/Pods-MNM/Pods-MNM-frameworks.sh\"\n";
			showEnvVarsInLog = 0;
		};
		A184C9667958F50129293DC6 /* [CP] Check Pods Manifest.lock */ = {
			isa = PBXShellScriptBuildPhase;
			buildActionMask = 2147483647;
			files = (
			);
			inputFileListPaths = (
			);
			inputPaths = (
				"${PODS_PODFILE_DIR_PATH}/Podfile.lock",
				"${PODS_ROOT}/Manifest.lock",
			);
			name = "[CP] Check Pods Manifest.lock";
			outputFileListPaths = (
			);
			outputPaths = (
				"$(DERIVED_FILE_DIR)/Pods-MNM-checkManifestLockResult.txt",
			);
			runOnlyForDeploymentPostprocessing = 0;
			shellPath = /bin/sh;
			shellScript = "diff \"${PODS_PODFILE_DIR_PATH}/Podfile.lock\" \"${PODS_ROOT}/Manifest.lock\" > /dev/null\nif [ $? != 0 ] ; then\n    # print error to STDERR\n    echo \"error: The sandbox is not in sync with the Podfile.lock. Run 'pod install' or update your CocoaPods installation.\" >&2\n    exit 1\nfi\n# This output is used by Xcode 'outputs' to avoid re-running this script phase.\necho \"SUCCESS\" > \"${SCRIPT_OUTPUT_FILE_0}\"\n";
			showEnvVarsInLog = 0;
		};
/* End PBXShellScriptBuildPhase section */

/* Begin PBXSourcesBuildPhase section */
		0527B7F525FF1EF8001525D5 /* Sources */ = {
			isa = PBXSourcesBuildPhase;
			buildActionMask = 2147483647;
			files = (
				05D640872608E7BA00E707EF /* HapticsManager.swift in Sources */,
				05D6407D2608E79500E707EF /* DatabaseManager.swift in Sources */,
				05D640392608E54F00E707EF /* ExploreViewController.swift in Sources */,
				05D640502608E5AF00E707EF /* UserListViewController.swift in Sources */,
				05D6405F2608E5EE00E707EF /* SettingsViewController.swift in Sources */,
				05D640732608E76A00E707EF /* APICaller.swift in Sources */,
				05D6406B2608E69600E707EF /* PostViewController.swift in Sources */,
				05D640412608E56800E707EF /* CameraViewController.swift in Sources */,
				05D640642608E62700E707EF /* TabBarViewController.swift in Sources */,
				0527B80125FF1EF8001525D5 /* HomeViewController.swift in Sources */,
				05D6405A2608E5D000E707EF /* SignUpViewController.swift in Sources */,
				05D640822608E7A500E707EF /* AuthenticationManager.swift in Sources */,
				05D640462608E58700E707EF /* NotificationsViewController.swift in Sources */,
				05D640552608E5C200E707EF /* SignInViewController.swift in Sources */,
				05D6404B2608E59600E707EF /* ProfileViewController.swift in Sources */,
				05D640782608E78300E707EF /* StorageManager.swift in Sources */,
				0527B7FD25FF1EF8001525D5 /* AppDelegate.swift in Sources */,
				0527B7FF25FF1EF8001525D5 /* SceneDelegate.swift in Sources */,
			);
			runOnlyForDeploymentPostprocessing = 0;
		};
		0527B80B25FF1EFA001525D5 /* Sources */ = {
			isa = PBXSourcesBuildPhase;
			buildActionMask = 2147483647;
			files = (
				0527B81425FF1EFA001525D5 /* MNMTests.swift in Sources */,
			);
			runOnlyForDeploymentPostprocessing = 0;
		};
		0527B81625FF1EFA001525D5 /* Sources */ = {
			isa = PBXSourcesBuildPhase;
			buildActionMask = 2147483647;
			files = (
				0527B81F25FF1EFA001525D5 /* MNMUITests.swift in Sources */,
			);
			runOnlyForDeploymentPostprocessing = 0;
		};
/* End PBXSourcesBuildPhase section */

/* Begin PBXTargetDependency section */
		0527B81125FF1EFA001525D5 /* PBXTargetDependency */ = {
			isa = PBXTargetDependency;
			target = 0527B7F825FF1EF8001525D5 /* MNM */;
			targetProxy = 0527B81025FF1EFA001525D5 /* PBXContainerItemProxy */;
		};
		0527B81C25FF1EFA001525D5 /* PBXTargetDependency */ = {
			isa = PBXTargetDependency;
			target = 0527B7F825FF1EF8001525D5 /* MNM */;
			targetProxy = 0527B81B25FF1EFA001525D5 /* PBXContainerItemProxy */;
		};
/* End PBXTargetDependency section */

/* Begin PBXVariantGroup section */
		0527B80725FF1EFA001525D5 /* LaunchScreen.storyboard */ = {
			isa = PBXVariantGroup;
			children = (
				0527B80825FF1EFA001525D5 /* Base */,
			);
			name = LaunchScreen.storyboard;
			sourceTree = "<group>";
		};
/* End PBXVariantGroup section */

/* Begin XCBuildConfiguration section */
		0527B82125FF1EFA001525D5 /* Debug */ = {
			isa = XCBuildConfiguration;
			buildSettings = {
				ALWAYS_SEARCH_USER_PATHS = NO;
				CLANG_ANALYZER_NONNULL = YES;
				CLANG_ANALYZER_NUMBER_OBJECT_CONVERSION = YES_AGGRESSIVE;
				CLANG_CXX_LANGUAGE_STANDARD = "gnu++14";
				CLANG_CXX_LIBRARY = "libc++";
				CLANG_ENABLE_MODULES = YES;
				CLANG_ENABLE_OBJC_ARC = YES;
				CLANG_ENABLE_OBJC_WEAK = YES;
				CLANG_WARN_BLOCK_CAPTURE_AUTORELEASING = YES;
				CLANG_WARN_BOOL_CONVERSION = YES;
				CLANG_WARN_COMMA = YES;
				CLANG_WARN_CONSTANT_CONVERSION = YES;
				CLANG_WARN_DEPRECATED_OBJC_IMPLEMENTATIONS = YES;
				CLANG_WARN_DIRECT_OBJC_ISA_USAGE = YES_ERROR;
				CLANG_WARN_DOCUMENTATION_COMMENTS = YES;
				CLANG_WARN_EMPTY_BODY = YES;
				CLANG_WARN_ENUM_CONVERSION = YES;
				CLANG_WARN_INFINITE_RECURSION = YES;
				CLANG_WARN_INT_CONVERSION = YES;
				CLANG_WARN_NON_LITERAL_NULL_CONVERSION = YES;
				CLANG_WARN_OBJC_IMPLICIT_RETAIN_SELF = YES;
				CLANG_WARN_OBJC_LITERAL_CONVERSION = YES;
				CLANG_WARN_OBJC_ROOT_CLASS = YES_ERROR;
				CLANG_WARN_QUOTED_INCLUDE_IN_FRAMEWORK_HEADER = YES;
				CLANG_WARN_RANGE_LOOP_ANALYSIS = YES;
				CLANG_WARN_STRICT_PROTOTYPES = YES;
				CLANG_WARN_SUSPICIOUS_MOVE = YES;
				CLANG_WARN_UNGUARDED_AVAILABILITY = YES_AGGRESSIVE;
				CLANG_WARN_UNREACHABLE_CODE = YES;
				CLANG_WARN__DUPLICATE_METHOD_MATCH = YES;
				COPY_PHASE_STRIP = NO;
				DEBUG_INFORMATION_FORMAT = dwarf;
				ENABLE_STRICT_OBJC_MSGSEND = YES;
				ENABLE_TESTABILITY = YES;
				GCC_C_LANGUAGE_STANDARD = gnu11;
				GCC_DYNAMIC_NO_PIC = NO;
				GCC_NO_COMMON_BLOCKS = YES;
				GCC_OPTIMIZATION_LEVEL = 0;
				GCC_PREPROCESSOR_DEFINITIONS = (
					"DEBUG=1",
					"$(inherited)",
				);
				GCC_WARN_64_TO_32_BIT_CONVERSION = YES;
				GCC_WARN_ABOUT_RETURN_TYPE = YES_ERROR;
				GCC_WARN_UNDECLARED_SELECTOR = YES;
				GCC_WARN_UNINITIALIZED_AUTOS = YES_AGGRESSIVE;
				GCC_WARN_UNUSED_FUNCTION = YES;
				GCC_WARN_UNUSED_VARIABLE = YES;
				IPHONEOS_DEPLOYMENT_TARGET = 14.4;
				MTL_ENABLE_DEBUG_INFO = INCLUDE_SOURCE;
				MTL_FAST_MATH = YES;
				ONLY_ACTIVE_ARCH = YES;
				SDKROOT = iphoneos;
				SWIFT_ACTIVE_COMPILATION_CONDITIONS = DEBUG;
				SWIFT_OPTIMIZATION_LEVEL = "-Onone";
			};
			name = Debug;
		};
		0527B82225FF1EFA001525D5 /* Release */ = {
			isa = XCBuildConfiguration;
			buildSettings = {
				ALWAYS_SEARCH_USER_PATHS = NO;
				CLANG_ANALYZER_NONNULL = YES;
				CLANG_ANALYZER_NUMBER_OBJECT_CONVERSION = YES_AGGRESSIVE;
				CLANG_CXX_LANGUAGE_STANDARD = "gnu++14";
				CLANG_CXX_LIBRARY = "libc++";
				CLANG_ENABLE_MODULES = YES;
				CLANG_ENABLE_OBJC_ARC = YES;
				CLANG_ENABLE_OBJC_WEAK = YES;
				CLANG_WARN_BLOCK_CAPTURE_AUTORELEASING = YES;
				CLANG_WARN_BOOL_CONVERSION = YES;
				CLANG_WARN_COMMA = YES;
				CLANG_WARN_CONSTANT_CONVERSION = YES;
				CLANG_WARN_DEPRECATED_OBJC_IMPLEMENTATIONS = YES;
				CLANG_WARN_DIRECT_OBJC_ISA_USAGE = YES_ERROR;
				CLANG_WARN_DOCUMENTATION_COMMENTS = YES;
				CLANG_WARN_EMPTY_BODY = YES;
				CLANG_WARN_ENUM_CONVERSION = YES;
				CLANG_WARN_INFINITE_RECURSION = YES;
				CLANG_WARN_INT_CONVERSION = YES;
				CLANG_WARN_NON_LITERAL_NULL_CONVERSION = YES;
				CLANG_WARN_OBJC_IMPLICIT_RETAIN_SELF = YES;
				CLANG_WARN_OBJC_LITERAL_CONVERSION = YES;
				CLANG_WARN_OBJC_ROOT_CLASS = YES_ERROR;
				CLANG_WARN_QUOTED_INCLUDE_IN_FRAMEWORK_HEADER = YES;
				CLANG_WARN_RANGE_LOOP_ANALYSIS = YES;
				CLANG_WARN_STRICT_PROTOTYPES = YES;
				CLANG_WARN_SUSPICIOUS_MOVE = YES;
				CLANG_WARN_UNGUARDED_AVAILABILITY = YES_AGGRESSIVE;
				CLANG_WARN_UNREACHABLE_CODE = YES;
				CLANG_WARN__DUPLICATE_METHOD_MATCH = YES;
				COPY_PHASE_STRIP = NO;
				DEBUG_INFORMATION_FORMAT = "dwarf-with-dsym";
				ENABLE_NS_ASSERTIONS = NO;
				ENABLE_STRICT_OBJC_MSGSEND = YES;
				GCC_C_LANGUAGE_STANDARD = gnu11;
				GCC_NO_COMMON_BLOCKS = YES;
				GCC_WARN_64_TO_32_BIT_CONVERSION = YES;
				GCC_WARN_ABOUT_RETURN_TYPE = YES_ERROR;
				GCC_WARN_UNDECLARED_SELECTOR = YES;
				GCC_WARN_UNINITIALIZED_AUTOS = YES_AGGRESSIVE;
				GCC_WARN_UNUSED_FUNCTION = YES;
				GCC_WARN_UNUSED_VARIABLE = YES;
				IPHONEOS_DEPLOYMENT_TARGET = 14.4;
				MTL_ENABLE_DEBUG_INFO = NO;
				MTL_FAST_MATH = YES;
				SDKROOT = iphoneos;
				SWIFT_COMPILATION_MODE = wholemodule;
				SWIFT_OPTIMIZATION_LEVEL = "-O";
				VALIDATE_PRODUCT = YES;
			};
			name = Release;
		};
		0527B82425FF1EFA001525D5 /* Debug */ = {
			isa = XCBuildConfiguration;
			baseConfigurationReference = BDE8787CB2816DC5FE90A06C /* Pods-MNM.debug.xcconfig */;
			buildSettings = {
				ASSETCATALOG_COMPILER_APPICON_NAME = AppIcon;
				ASSETCATALOG_COMPILER_GLOBAL_ACCENT_COLOR_NAME = AccentColor;
				CODE_SIGN_STYLE = Automatic;
				INFOPLIST_FILE = MNM/Info.plist;
				IPHONEOS_DEPLOYMENT_TARGET = 13.0;
				LD_RUNPATH_SEARCH_PATHS = (
					"$(inherited)",
					"@executable_path/Frameworks",
				);
				PRODUCT_BUNDLE_IDENTIFIER = com.aldrinb.MNM;
				PRODUCT_NAME = "$(TARGET_NAME)";
				SWIFT_VERSION = 5.0;
				TARGETED_DEVICE_FAMILY = 1;
			};
			name = Debug;
		};
		0527B82525FF1EFA001525D5 /* Release */ = {
			isa = XCBuildConfiguration;
			baseConfigurationReference = E8D9678B04DA39A93BD72A97 /* Pods-MNM.release.xcconfig */;
			buildSettings = {
				ASSETCATALOG_COMPILER_APPICON_NAME = AppIcon;
				ASSETCATALOG_COMPILER_GLOBAL_ACCENT_COLOR_NAME = AccentColor;
				CODE_SIGN_STYLE = Automatic;
				INFOPLIST_FILE = MNM/Info.plist;
				IPHONEOS_DEPLOYMENT_TARGET = 13.0;
				LD_RUNPATH_SEARCH_PATHS = (
					"$(inherited)",
					"@executable_path/Frameworks",
				);
				PRODUCT_BUNDLE_IDENTIFIER = com.aldrinb.MNM;
				PRODUCT_NAME = "$(TARGET_NAME)";
				SWIFT_VERSION = 5.0;
				TARGETED_DEVICE_FAMILY = 1;
			};
			name = Release;
		};
		0527B82725FF1EFA001525D5 /* Debug */ = {
			isa = XCBuildConfiguration;
			baseConfigurationReference = 99213A1D5AE19359606B4328 /* Pods-MNMTests.debug.xcconfig */;
			buildSettings = {
				ALWAYS_EMBED_SWIFT_STANDARD_LIBRARIES = YES;
				BUNDLE_LOADER = "$(TEST_HOST)";
				CODE_SIGN_STYLE = Automatic;
				INFOPLIST_FILE = MNMTests/Info.plist;
				IPHONEOS_DEPLOYMENT_TARGET = 14.4;
				LD_RUNPATH_SEARCH_PATHS = (
					"$(inherited)",
					"@executable_path/Frameworks",
					"@loader_path/Frameworks",
				);
				PRODUCT_BUNDLE_IDENTIFIER = com.aldrinb.MNMTests;
				PRODUCT_NAME = "$(TARGET_NAME)";
				SWIFT_VERSION = 5.0;
				TARGETED_DEVICE_FAMILY = "1,2";
				TEST_HOST = "$(BUILT_PRODUCTS_DIR)/MNM.app/MNM";
			};
			name = Debug;
		};
		0527B82825FF1EFA001525D5 /* Release */ = {
			isa = XCBuildConfiguration;
			baseConfigurationReference = C626853EB695694961F66477 /* Pods-MNMTests.release.xcconfig */;
			buildSettings = {
				ALWAYS_EMBED_SWIFT_STANDARD_LIBRARIES = YES;
				BUNDLE_LOADER = "$(TEST_HOST)";
				CODE_SIGN_STYLE = Automatic;
				INFOPLIST_FILE = MNMTests/Info.plist;
				IPHONEOS_DEPLOYMENT_TARGET = 14.4;
				LD_RUNPATH_SEARCH_PATHS = (
					"$(inherited)",
					"@executable_path/Frameworks",
					"@loader_path/Frameworks",
				);
				PRODUCT_BUNDLE_IDENTIFIER = com.aldrinb.MNMTests;
				PRODUCT_NAME = "$(TARGET_NAME)";
				SWIFT_VERSION = 5.0;
				TARGETED_DEVICE_FAMILY = "1,2";
				TEST_HOST = "$(BUILT_PRODUCTS_DIR)/MNM.app/MNM";
			};
			name = Release;
		};
		0527B82A25FF1EFA001525D5 /* Debug */ = {
			isa = XCBuildConfiguration;
			baseConfigurationReference = D26CA7C9CFF164E769836BE5 /* Pods-MNM-MNMUITests.debug.xcconfig */;
			buildSettings = {
				ALWAYS_EMBED_SWIFT_STANDARD_LIBRARIES = YES;
				CODE_SIGN_STYLE = Automatic;
				INFOPLIST_FILE = MNMUITests/Info.plist;
				LD_RUNPATH_SEARCH_PATHS = (
					"$(inherited)",
					"@executable_path/Frameworks",
					"@loader_path/Frameworks",
				);
				PRODUCT_BUNDLE_IDENTIFIER = com.aldrinb.MNMUITests;
				PRODUCT_NAME = "$(TARGET_NAME)";
				SWIFT_VERSION = 5.0;
				TARGETED_DEVICE_FAMILY = "1,2";
				TEST_TARGET_NAME = MNM;
			};
			name = Debug;
		};
		0527B82B25FF1EFA001525D5 /* Release */ = {
			isa = XCBuildConfiguration;
			baseConfigurationReference = 162A06998E1AE8C5688E7E31 /* Pods-MNM-MNMUITests.release.xcconfig */;
			buildSettings = {
				ALWAYS_EMBED_SWIFT_STANDARD_LIBRARIES = YES;
				CODE_SIGN_STYLE = Automatic;
				INFOPLIST_FILE = MNMUITests/Info.plist;
				LD_RUNPATH_SEARCH_PATHS = (
					"$(inherited)",
					"@executable_path/Frameworks",
					"@loader_path/Frameworks",
				);
				PRODUCT_BUNDLE_IDENTIFIER = com.aldrinb.MNMUITests;
				PRODUCT_NAME = "$(TARGET_NAME)";
				SWIFT_VERSION = 5.0;
				TARGETED_DEVICE_FAMILY = "1,2";
				TEST_TARGET_NAME = MNM;
			};
			name = Release;
		};
/* End XCBuildConfiguration section */

/* Begin XCConfigurationList section */
		0527B7F425FF1EF8001525D5 /* Build configuration list for PBXProject "MNM" */ = {
			isa = XCConfigurationList;
			buildConfigurations = (
				0527B82125FF1EFA001525D5 /* Debug */,
				0527B82225FF1EFA001525D5 /* Release */,
			);
			defaultConfigurationIsVisible = 0;
			defaultConfigurationName = Release;
		};
		0527B82325FF1EFA001525D5 /* Build configuration list for PBXNativeTarget "MNM" */ = {
			isa = XCConfigurationList;
			buildConfigurations = (
				0527B82425FF1EFA001525D5 /* Debug */,
				0527B82525FF1EFA001525D5 /* Release */,
			);
			defaultConfigurationIsVisible = 0;
			defaultConfigurationName = Release;
		};
		0527B82625FF1EFA001525D5 /* Build configuration list for PBXNativeTarget "MNMTests" */ = {
			isa = XCConfigurationList;
			buildConfigurations = (
				0527B82725FF1EFA001525D5 /* Debug */,
				0527B82825FF1EFA001525D5 /* Release */,
			);
			defaultConfigurationIsVisible = 0;
			defaultConfigurationName = Release;
		};
		0527B82925FF1EFA001525D5 /* Build configuration list for PBXNativeTarget "MNMUITests" */ = {
			isa = XCConfigurationList;
			buildConfigurations = (
				0527B82A25FF1EFA001525D5 /* Debug */,
				0527B82B25FF1EFA001525D5 /* Release */,
			);
			defaultConfigurationIsVisible = 0;
			defaultConfigurationName = Release;
		};
/* End XCConfigurationList section */
	};
	rootObject = 0527B7F125FF1EF8001525D5 /* Project object */;
}
